{
  "nodes": {
    "nixpkgs": {
      "locked": {
        "lastModified": 1680498889,
        "narHash": "sha256-4nGFBm+oILOO6DPoKTPxVlfkZSxCOY4W25zSRHESK48=",
        "path": "/nix/store/hz92i73xh1k2z3swmcxm54jmdi9fxq1h-source",
        "rev": "799d153e4f316143a9db0eb869ecf44d8d4c0356",
        "type": "path"
      },
      "original": {
        "id": "nixpkgs",
        "type": "indirect"
      }
    },
    "root": {
      "inputs": {
        "nixpkgs": "nixpkgs"
      }
    }
  },
  "root": "root",
  "version": 7
}
